// !$*UTF8*$!
{
	archiveVersion = 1;
	classes = {
	};
	objectVersion = 48;
	objects = {

/* Begin PBXBuildFile section */
		D019C2072056825300C5C051 /* locationViewController.m in Sources */ = {isa = PBXBuildFile; fileRef = D019C2062056825300C5C051 /* locationViewController.m */; };
		D05A029A2062361C007EC2BB /* locationPageViewController.m in Sources */ = {isa = PBXBuildFile; fileRef = D05A02992062361C007EC2BB /* locationPageViewController.m */; };
		D05A029E2062384F007EC2BB /* ContentViewController.m in Sources */ = {isa = PBXBuildFile; fileRef = D05A029D2062384F007EC2BB /* ContentViewController.m */; };
		D0645FEB204E755500B5851D /* AppDelegate.m in Sources */ = {isa = PBXBuildFile; fileRef = D0645FEA204E755500B5851D /* AppDelegate.m */; };
		D0645FF1204E755500B5851D /* Main.storyboard in Resources */ = {isa = PBXBuildFile; fileRef = D0645FEF204E755500B5851D /* Main.storyboard */; };
		D0645FF6204E755500B5851D /* LaunchScreen.storyboard in Resources */ = {isa = PBXBuildFile; fileRef = D0645FF4204E755500B5851D /* LaunchScreen.storyboard */; };
		D0645FF9204E755500B5851D /* main.m in Sources */ = {isa = PBXBuildFile; fileRef = D0645FF8204E755500B5851D /* main.m */; };
		D0646003204E755500B5851D /* MeiTuanTests.m in Sources */ = {isa = PBXBuildFile; fileRef = D0646002204E755500B5851D /* MeiTuanTests.m */; };
		D064600E204E755500B5851D /* MeiTuanUITests.m in Sources */ = {isa = PBXBuildFile; fileRef = D064600D204E755500B5851D /* MeiTuanUITests.m */; };
		D0646024204E85D100B5851D /* Media.xcassets in Resources */ = {isa = PBXBuildFile; fileRef = D0646023204E85D100B5851D /* Media.xcassets */; };
		D064603B204FF0DA00B5851D /* profileView.xib in Resources */ = {isa = PBXBuildFile; fileRef = D064603A204FF0DA00B5851D /* profileView.xib */; };
		D0646041204FF79000B5851D /* profileView.m in Sources */ = {isa = PBXBuildFile; fileRef = D0646040204FF79000B5851D /* profileView.m */; };
		D064604A2052489200B5851D /* firstViewController.m in Sources */ = {isa = PBXBuildFile; fileRef = D06460452052489100B5851D /* firstViewController.m */; };
		D064604B2052489200B5851D /* MainTabBarController.m in Sources */ = {isa = PBXBuildFile; fileRef = D06460462052489200B5851D /* MainTabBarController.m */; };
		D064604C2052489200B5851D /* mineViewController.m in Sources */ = {isa = PBXBuildFile; fileRef = D06460482052489200B5851D /* mineViewController.m */; };
		D0646050205248FC00B5851D /* profileSettingViewController.m in Sources */ = {isa = PBXBuildFile; fileRef = D064604F205248FC00B5851D /* profileSettingViewController.m */; };
		D06460602052721300B5851D /* mineAllMenu.m in Sources */ = {isa = PBXBuildFile; fileRef = D064605F2052721300B5851D /* mineAllMenu.m */; };
		D06460622052723300B5851D /* mineAllMenu.xib in Resources */ = {isa = PBXBuildFile; fileRef = D06460612052723300B5851D /* mineAllMenu.xib */; };
		D06460652052875300B5851D /* Conllection.m in Sources */ = {isa = PBXBuildFile; fileRef = D06460642052875300B5851D /* Conllection.m */; };
		D06460832053B8D200B5851D /* SQBannerCollectionViewCell.m in Sources */ = {isa = PBXBuildFile; fileRef = D064607E2053B8D100B5851D /* SQBannerCollectionViewCell.m */; };
		D06460842053B8D200B5851D /* SQBannerCollectionViewCell.xib in Resources */ = {isa = PBXBuildFile; fileRef = D064607F2053B8D100B5851D /* SQBannerCollectionViewCell.xib */; };
		D06460852053B8D200B5851D /* SQBannarView.m in Sources */ = {isa = PBXBuildFile; fileRef = D06460802053B8D100B5851D /* SQBannarView.m */; };
		D06460972053C36100B5851D /* banner_4.png in Resources */ = {isa = PBXBuildFile; fileRef = D06460922053C36100B5851D /* banner_4.png */; };
		D06460982053C36100B5851D /* banner_2.png in Resources */ = {isa = PBXBuildFile; fileRef = D06460932053C36100B5851D /* banner_2.png */; };
		D06460992053C36100B5851D /* banner_1.png in Resources */ = {isa = PBXBuildFile; fileRef = D06460942053C36100B5851D /* banner_1.png */; };
		D064609A2053C36100B5851D /* banner_3.png in Resources */ = {isa = PBXBuildFile; fileRef = D06460952053C36100B5851D /* banner_3.png */; };
		D064609B2053C36100B5851D /* banner_5.png in Resources */ = {isa = PBXBuildFile; fileRef = D06460962053C36100B5851D /* banner_5.png */; };
		D078449A205505C700129537 /* homePageMenu.m in Sources */ = {isa = PBXBuildFile; fileRef = D0784499205505C700129537 /* homePageMenu.m */; };
		D078449C205505D900129537 /* homePageMenu.xib in Resources */ = {isa = PBXBuildFile; fileRef = D078449B205505D900129537 /* homePageMenu.xib */; };
		D07844A12055209400129537 /* loading_1@2x.png in Resources */ = {isa = PBXBuildFile; fileRef = D078449D2055209200129537 /* loading_1@2x.png */; };
		D07844A22055209400129537 /* loading_4@2x.png in Resources */ = {isa = PBXBuildFile; fileRef = D078449E2055209300129537 /* loading_4@2x.png */; };
		D07844A32055209400129537 /* loading_3@2x.png in Resources */ = {isa = PBXBuildFile; fileRef = D078449F2055209300129537 /* loading_3@2x.png */; };
		D07844A42055209400129537 /* loading_2@2x.png in Resources */ = {isa = PBXBuildFile; fileRef = D07844A02055209300129537 /* loading_2@2x.png */; };
		D0784511205521A400129537 /* BGHeaderView.m in Sources */ = {isa = PBXBuildFile; fileRef = D078450C205521A400129537 /* BGHeaderView.m */; };
		D0784512205521A400129537 /* BGRefresh.m in Sources */ = {isa = PBXBuildFile; fileRef = D078450D205521A400129537 /* BGRefresh.m */; };
		D0784513205521A400129537 /* BGHeaderView.xib in Resources */ = {isa = PBXBuildFile; fileRef = D078450E205521A400129537 /* BGHeaderView.xib */; };
		D078451620563F9400129537 /* adView.m in Sources */ = {isa = PBXBuildFile; fileRef = D078451520563F9400129537 /* adView.m */; };
		D078451820563FAC00129537 /* adView.xib in Resources */ = {isa = PBXBuildFile; fileRef = D078451720563FAC00129537 /* adView.xib */; };
		D078451D20564FD300129537 /* ad1.png in Resources */ = {isa = PBXBuildFile; fileRef = D078451920564FD200129537 /* ad1.png */; };
		D078451E20564FD300129537 /* ad2.png in Resources */ = {isa = PBXBuildFile; fileRef = D078451A20564FD300129537 /* ad2.png */; };
		D078451F20564FD300129537 /* ad4.png in Resources */ = {isa = PBXBuildFile; fileRef = D078451B20564FD300129537 /* ad4.png */; };
		D078452020564FD300129537 /* ad3.png in Resources */ = {isa = PBXBuildFile; fileRef = D078451C20564FD300129537 /* ad3.png */; };
		D0CE38762058EC50005D39EF /* SqliteTool.m in Sources */ = {isa = PBXBuildFile; fileRef = D0CE38722058EC50005D39EF /* SqliteTool.m */; };
		D0CE387F2058F99E005D39EF /* display_detail.xib in Resources */ = {isa = PBXBuildFile; fileRef = D0CE387D2058F99E005D39EF /* display_detail.xib */; };
		D0CE38862058FAA4005D39EF /* icon1.png in Resources */ = {isa = PBXBuildFile; fileRef = D0CE38802058FAA3005D39EF /* icon1.png */; };
		D0CE38872058FAA4005D39EF /* icon5.png in Resources */ = {isa = PBXBuildFile; fileRef = D0CE38812058FAA3005D39EF /* icon5.png */; };
		D0CE38882058FAA4005D39EF /* icon3.png in Resources */ = {isa = PBXBuildFile; fileRef = D0CE38822058FAA3005D39EF /* icon3.png */; };
		D0CE38892058FAA4005D39EF /* icon4.png in Resources */ = {isa = PBXBuildFile; fileRef = D0CE38832058FAA3005D39EF /* icon4.png */; };
		D0CE388A2058FAA4005D39EF /* icon2.png in Resources */ = {isa = PBXBuildFile; fileRef = D0CE38842058FAA3005D39EF /* icon2.png */; };
		D0CE388B2058FAA4005D39EF /* icon6.png in Resources */ = {isa = PBXBuildFile; fileRef = D0CE38852058FAA4005D39EF /* icon6.png */; };
		D0CE3890205A4724005D39EF /* display_detail.m in Sources */ = {isa = PBXBuildFile; fileRef = D0CE388F205A4724005D39EF /* display_detail.m */; };
		D0CE3893205A6EE5005D39EF /* displayModel.m in Sources */ = {isa = PBXBuildFile; fileRef = D0CE3892205A6EE5005D39EF /* displayModel.m */; };
		D0CE3896205A7A7D005D39EF /* libsqlite3.tbd in Frameworks */ = {isa = PBXBuildFile; fileRef = D0CE3895205A7A7D005D39EF /* libsqlite3.tbd */; };
		D0CE389A205B90F7005D39EF /* data.sqlite in Resources */ = {isa = PBXBuildFile; fileRef = D0CE3899205B90F6005D39EF /* data.sqlite */; };
		D0CE38A1205B91A9005D39EF /* 商家3.png in Resources */ = {isa = PBXBuildFile; fileRef = D0CE389B205B91A8005D39EF /* 商家3.png */; };
		D0CE38A2205B91A9005D39EF /* 商家1.png in Resources */ = {isa = PBXBuildFile; fileRef = D0CE389C205B91A8005D39EF /* 商家1.png */; };
		D0CE38A3205B91A9005D39EF /* 商家2.png in Resources */ = {isa = PBXBuildFile; fileRef = D0CE389D205B91A8005D39EF /* 商家2.png */; };
		D0CE38A4205B91A9005D39EF /* 商家4.png in Resources */ = {isa = PBXBuildFile; fileRef = D0CE389E205B91A8005D39EF /* 商家4.png */; };
		D0CE38A5205B91A9005D39EF /* 商家5.png in Resources */ = {isa = PBXBuildFile; fileRef = D0CE389F205B91A8005D39EF /* 商家5.png */; };
		D0CE38A6205B91A9005D39EF /* 商家6.png in Resources */ = {isa = PBXBuildFile; fileRef = D0CE38A0205B91A8005D39EF /* 商家6.png */; };
/* End PBXBuildFile section */

/* Begin PBXContainerItemProxy section */
		D0645FFF204E755500B5851D /* PBXContainerItemProxy */ = {
			isa = PBXContainerItemProxy;
			containerPortal = D0645FDE204E755500B5851D /* Project object */;
			proxyType = 1;
			remoteGlobalIDString = D0645FE5204E755500B5851D;
			remoteInfo = MeiTuan;
		};
		D064600A204E755500B5851D /* PBXContainerItemProxy */ = {
			isa = PBXContainerItemProxy;
			containerPortal = D0645FDE204E755500B5851D /* Project object */;
			proxyType = 1;
			remoteGlobalIDString = D0645FE5204E755500B5851D;
			remoteInfo = MeiTuan;
		};
/* End PBXContainerItemProxy section */

/* Begin PBXFileReference section */
		D019C2052056825300C5C051 /* locationViewController.h */ = {isa = PBXFileReference; lastKnownFileType = sourcecode.c.h; path = locationViewController.h; sourceTree = "<group>"; };
		D019C2062056825300C5C051 /* locationViewController.m */ = {isa = PBXFileReference; lastKnownFileType = sourcecode.c.objc; path = locationViewController.m; sourceTree = "<group>"; };
		D05A02982062361C007EC2BB /* locationPageViewController.h */ = {isa = PBXFileReference; lastKnownFileType = sourcecode.c.h; path = locationPageViewController.h; sourceTree = "<group>"; };
		D05A02992062361C007EC2BB /* locationPageViewController.m */ = {isa = PBXFileReference; lastKnownFileType = sourcecode.c.objc; path = locationPageViewController.m; sourceTree = "<group>"; };
		D05A029C2062384F007EC2BB /* ContentViewController.h */ = {isa = PBXFileReference; lastKnownFileType = sourcecode.c.h; path = ContentViewController.h; sourceTree = "<group>"; };
		D05A029D2062384F007EC2BB /* ContentViewController.m */ = {isa = PBXFileReference; lastKnownFileType = sourcecode.c.objc; path = ContentViewController.m; sourceTree = "<group>"; };
		D0645FE6204E755500B5851D /* MeiTuan.app */ = {isa = PBXFileReference; explicitFileType = wrapper.application; includeInIndex = 0; path = MeiTuan.app; sourceTree = BUILT_PRODUCTS_DIR; };
		D0645FE9204E755500B5851D /* AppDelegate.h */ = {isa = PBXFileReference; lastKnownFileType = sourcecode.c.h; path = AppDelegate.h; sourceTree = "<group>"; };
		D0645FEA204E755500B5851D /* AppDelegate.m */ = {isa = PBXFileReference; lastKnownFileType = sourcecode.c.objc; path = AppDelegate.m; sourceTree = "<group>"; };
		D0645FF0204E755500B5851D /* Base */ = {isa = PBXFileReference; lastKnownFileType = file.storyboard; name = Base; path = Base.lproj/Main.storyboard; sourceTree = "<group>"; };
		D0645FF5204E755500B5851D /* Base */ = {isa = PBXFileReference; lastKnownFileType = file.storyboard; name = Base; path = Base.lproj/LaunchScreen.storyboard; sourceTree = "<group>"; };
		D0645FF7204E755500B5851D /* Info.plist */ = {isa = PBXFileReference; lastKnownFileType = text.plist.xml; path = Info.plist; sourceTree = "<group>"; };
		D0645FF8204E755500B5851D /* main.m */ = {isa = PBXFileReference; lastKnownFileType = sourcecode.c.objc; path = main.m; sourceTree = "<group>"; };
		D0645FFE204E755500B5851D /* MeiTuanTests.xctest */ = {isa = PBXFileReference; explicitFileType = wrapper.cfbundle; includeInIndex = 0; path = MeiTuanTests.xctest; sourceTree = BUILT_PRODUCTS_DIR; };
		D0646002204E755500B5851D /* MeiTuanTests.m */ = {isa = PBXFileReference; lastKnownFileType = sourcecode.c.objc; path = MeiTuanTests.m; sourceTree = "<group>"; };
		D0646004204E755500B5851D /* Info.plist */ = {isa = PBXFileReference; lastKnownFileType = text.plist.xml; path = Info.plist; sourceTree = "<group>"; };
		D0646009204E755500B5851D /* MeiTuanUITests.xctest */ = {isa = PBXFileReference; explicitFileType = wrapper.cfbundle; includeInIndex = 0; path = MeiTuanUITests.xctest; sourceTree = BUILT_PRODUCTS_DIR; };
		D064600D204E755500B5851D /* MeiTuanUITests.m */ = {isa = PBXFileReference; lastKnownFileType = sourcecode.c.objc; path = MeiTuanUITests.m; sourceTree = "<group>"; };
		D064600F204E755500B5851D /* Info.plist */ = {isa = PBXFileReference; lastKnownFileType = text.plist.xml; path = Info.plist; sourceTree = "<group>"; };
		D0646023204E85D100B5851D /* Media.xcassets */ = {isa = PBXFileReference; lastKnownFileType = folder.assetcatalog; path = Media.xcassets; sourceTree = "<group>"; };
		D064603A204FF0DA00B5851D /* profileView.xib */ = {isa = PBXFileReference; lastKnownFileType = file.xib; path = profileView.xib; sourceTree = "<group>"; };
		D064603F204FF79000B5851D /* profileView.h */ = {isa = PBXFileReference; lastKnownFileType = sourcecode.c.h; path = profileView.h; sourceTree = "<group>"; };
		D0646040204FF79000B5851D /* profileView.m */ = {isa = PBXFileReference; lastKnownFileType = sourcecode.c.objc; path = profileView.m; sourceTree = "<group>"; };
		D06460442052489100B5851D /* firstViewController.h */ = {isa = PBXFileReference; fileEncoding = 4; lastKnownFileType = sourcecode.c.h; path = firstViewController.h; sourceTree = "<group>"; };
		D06460452052489100B5851D /* firstViewController.m */ = {isa = PBXFileReference; fileEncoding = 4; lastKnownFileType = sourcecode.c.objc; path = firstViewController.m; sourceTree = "<group>"; };
		D06460462052489200B5851D /* MainTabBarController.m */ = {isa = PBXFileReference; fileEncoding = 4; lastKnownFileType = sourcecode.c.objc; path = MainTabBarController.m; sourceTree = "<group>"; };
		D06460472052489200B5851D /* MainTabBarController.h */ = {isa = PBXFileReference; fileEncoding = 4; lastKnownFileType = sourcecode.c.h; path = MainTabBarController.h; sourceTree = "<group>"; };
		D06460482052489200B5851D /* mineViewController.m */ = {isa = PBXFileReference; fileEncoding = 4; lastKnownFileType = sourcecode.c.objc; path = mineViewController.m; sourceTree = "<group>"; };
		D06460492052489200B5851D /* mineViewController.h */ = {isa = PBXFileReference; fileEncoding = 4; lastKnownFileType = sourcecode.c.h; path = mineViewController.h; sourceTree = "<group>"; };
		D064604E205248FC00B5851D /* profileSettingViewController.h */ = {isa = PBXFileReference; lastKnownFileType = sourcecode.c.h; path = profileSettingViewController.h; sourceTree = "<group>"; };
		D064604F205248FC00B5851D /* profileSettingViewController.m */ = {isa = PBXFileReference; lastKnownFileType = sourcecode.c.objc; path = profileSettingViewController.m; sourceTree = "<group>"; };
		D064605E2052721300B5851D /* mineAllMenu.h */ = {isa = PBXFileReference; lastKnownFileType = sourcecode.c.h; path = mineAllMenu.h; sourceTree = "<group>"; };
		D064605F2052721300B5851D /* mineAllMenu.m */ = {isa = PBXFileReference; lastKnownFileType = sourcecode.c.objc; path = mineAllMenu.m; sourceTree = "<group>"; };
		D06460612052723300B5851D /* mineAllMenu.xib */ = {isa = PBXFileReference; lastKnownFileType = file.xib; path = mineAllMenu.xib; sourceTree = "<group>"; };
		D06460632052875300B5851D /* Conllection.h */ = {isa = PBXFileReference; lastKnownFileType = sourcecode.c.h; path = Conllection.h; sourceTree = "<group>"; };
		D06460642052875300B5851D /* Conllection.m */ = {isa = PBXFileReference; lastKnownFileType = sourcecode.c.objc; path = Conllection.m; sourceTree = "<group>"; };
		D064607E2053B8D100B5851D /* SQBannerCollectionViewCell.m */ = {isa = PBXFileReference; fileEncoding = 4; lastKnownFileType = sourcecode.c.objc; path = SQBannerCollectionViewCell.m; sourceTree = "<group>"; };
		D064607F2053B8D100B5851D /* SQBannerCollectionViewCell.xib */ = {isa = PBXFileReference; fileEncoding = 4; lastKnownFileType = file.xib; path = SQBannerCollectionViewCell.xib; sourceTree = "<group>"; };
		D06460802053B8D100B5851D /* SQBannarView.m */ = {isa = PBXFileReference; fileEncoding = 4; lastKnownFileType = sourcecode.c.objc; path = SQBannarView.m; sourceTree = "<group>"; };
		D06460812053B8D200B5851D /* SQBannerCollectionViewCell.h */ = {isa = PBXFileReference; fileEncoding = 4; lastKnownFileType = sourcecode.c.h; path = SQBannerCollectionViewCell.h; sourceTree = "<group>"; };
		D06460822053B8D200B5851D /* SQBannarView.h */ = {isa = PBXFileReference; fileEncoding = 4; lastKnownFileType = sourcecode.c.h; path = SQBannarView.h; sourceTree = "<group>"; };
		D06460922053C36100B5851D /* banner_4.png */ = {isa = PBXFileReference; lastKnownFileType = image.png; path = banner_4.png; sourceTree = "<group>"; };
		D06460932053C36100B5851D /* banner_2.png */ = {isa = PBXFileReference; lastKnownFileType = image.png; path = banner_2.png; sourceTree = "<group>"; };
		D06460942053C36100B5851D /* banner_1.png */ = {isa = PBXFileReference; lastKnownFileType = image.png; path = banner_1.png; sourceTree = "<group>"; };
		D06460952053C36100B5851D /* banner_3.png */ = {isa = PBXFileReference; lastKnownFileType = image.png; path = banner_3.png; sourceTree = "<group>"; };
		D06460962053C36100B5851D /* banner_5.png */ = {isa = PBXFileReference; lastKnownFileType = image.png; path = banner_5.png; sourceTree = "<group>"; };
		D0784498205505C700129537 /* homePageMenu.h */ = {isa = PBXFileReference; lastKnownFileType = sourcecode.c.h; path = homePageMenu.h; sourceTree = "<group>"; };
		D0784499205505C700129537 /* homePageMenu.m */ = {isa = PBXFileReference; lastKnownFileType = sourcecode.c.objc; path = homePageMenu.m; sourceTree = "<group>"; };
		D078449B205505D900129537 /* homePageMenu.xib */ = {isa = PBXFileReference; lastKnownFileType = file.xib; path = homePageMenu.xib; sourceTree = "<group>"; };
		D078449D2055209200129537 /* loading_1@2x.png */ = {isa = PBXFileReference; lastKnownFileType = image.png; path = "loading_1@2x.png"; sourceTree = "<group>"; };
		D078449E2055209300129537 /* loading_4@2x.png */ = {isa = PBXFileReference; lastKnownFileType = image.png; path = "loading_4@2x.png"; sourceTree = "<group>"; };
		D078449F2055209300129537 /* loading_3@2x.png */ = {isa = PBXFileReference; lastKnownFileType = image.png; path = "loading_3@2x.png"; sourceTree = "<group>"; };
		D07844A02055209300129537 /* loading_2@2x.png */ = {isa = PBXFileReference; lastKnownFileType = image.png; path = "loading_2@2x.png"; sourceTree = "<group>"; };
		D078450C205521A400129537 /* BGHeaderView.m */ = {isa = PBXFileReference; fileEncoding = 4; lastKnownFileType = sourcecode.c.objc; path = BGHeaderView.m; sourceTree = "<group>"; };
		D078450D205521A400129537 /* BGRefresh.m */ = {isa = PBXFileReference; fileEncoding = 4; lastKnownFileType = sourcecode.c.objc; path = BGRefresh.m; sourceTree = "<group>"; };
		D078450E205521A400129537 /* BGHeaderView.xib */ = {isa = PBXFileReference; fileEncoding = 4; lastKnownFileType = file.xib; path = BGHeaderView.xib; sourceTree = "<group>"; };
		D078450F205521A400129537 /* BGHeaderView.h */ = {isa = PBXFileReference; fileEncoding = 4; lastKnownFileType = sourcecode.c.h; path = BGHeaderView.h; sourceTree = "<group>"; };
		D0784510205521A400129537 /* BGRefresh.h */ = {isa = PBXFileReference; fileEncoding = 4; lastKnownFileType = sourcecode.c.h; path = BGRefresh.h; sourceTree = "<group>"; };
		D078451420563F9400129537 /* adView.h */ = {isa = PBXFileReference; lastKnownFileType = sourcecode.c.h; path = adView.h; sourceTree = "<group>"; };
		D078451520563F9400129537 /* adView.m */ = {isa = PBXFileReference; lastKnownFileType = sourcecode.c.objc; path = adView.m; sourceTree = "<group>"; };
		D078451720563FAC00129537 /* adView.xib */ = {isa = PBXFileReference; lastKnownFileType = file.xib; path = adView.xib; sourceTree = "<group>"; };
		D078451920564FD200129537 /* ad1.png */ = {isa = PBXFileReference; lastKnownFileType = image.png; path = ad1.png; sourceTree = "<group>"; };
		D078451A20564FD300129537 /* ad2.png */ = {isa = PBXFileReference; lastKnownFileType = image.png; path = ad2.png; sourceTree = "<group>"; };
		D078451B20564FD300129537 /* ad4.png */ = {isa = PBXFileReference; lastKnownFileType = image.png; path = ad4.png; sourceTree = "<group>"; };
		D078451C20564FD300129537 /* ad3.png */ = {isa = PBXFileReference; lastKnownFileType = image.png; path = ad3.png; sourceTree = "<group>"; };
		D0CE38722058EC50005D39EF /* SqliteTool.m */ = {isa = PBXFileReference; fileEncoding = 4; lastKnownFileType = sourcecode.c.objc; path = SqliteTool.m; sourceTree = "<group>"; };
		D0CE38742058EC50005D39EF /* SqliteTool.h */ = {isa = PBXFileReference; fileEncoding = 4; lastKnownFileType = sourcecode.c.h; path = SqliteTool.h; sourceTree = "<group>"; };
		D0CE387D2058F99E005D39EF /* display_detail.xib */ = {isa = PBXFileReference; lastKnownFileType = file.xib; path = display_detail.xib; sourceTree = "<group>"; };
		D0CE38802058FAA3005D39EF /* icon1.png */ = {isa = PBXFileReference; lastKnownFileType = image.png; path = icon1.png; sourceTree = "<group>"; };
		D0CE38812058FAA3005D39EF /* icon5.png */ = {isa = PBXFileReference; lastKnownFileType = image.png; path = icon5.png; sourceTree = "<group>"; };
		D0CE38822058FAA3005D39EF /* icon3.png */ = {isa = PBXFileReference; lastKnownFileType = image.png; path = icon3.png; sourceTree = "<group>"; };
		D0CE38832058FAA3005D39EF /* icon4.png */ = {isa = PBXFileReference; lastKnownFileType = image.png; path = icon4.png; sourceTree = "<group>"; };
		D0CE38842058FAA3005D39EF /* icon2.png */ = {isa = PBXFileReference; lastKnownFileType = image.png; path = icon2.png; sourceTree = "<group>"; };
		D0CE38852058FAA4005D39EF /* icon6.png */ = {isa = PBXFileReference; lastKnownFileType = image.png; path = icon6.png; sourceTree = "<group>"; };
		D0CE388E205A4724005D39EF /* display_detail.h */ = {isa = PBXFileReference; lastKnownFileType = sourcecode.c.h; path = display_detail.h; sourceTree = "<group>"; };
		D0CE388F205A4724005D39EF /* display_detail.m */ = {isa = PBXFileReference; lastKnownFileType = sourcecode.c.objc; path = display_detail.m; sourceTree = "<group>"; };
		D0CE3891205A6EE5005D39EF /* displayModel.h */ = {isa = PBXFileReference; lastKnownFileType = sourcecode.c.h; path = displayModel.h; sourceTree = "<group>"; };
		D0CE3892205A6EE5005D39EF /* displayModel.m */ = {isa = PBXFileReference; lastKnownFileType = sourcecode.c.objc; path = displayModel.m; sourceTree = "<group>"; };
		D0CE3895205A7A7D005D39EF /* libsqlite3.tbd */ = {isa = PBXFileReference; lastKnownFileType = "sourcecode.text-based-dylib-definition"; name = libsqlite3.tbd; path = usr/lib/libsqlite3.tbd; sourceTree = SDKROOT; };
		D0CE3899205B90F6005D39EF /* data.sqlite */ = {isa = PBXFileReference; lastKnownFileType = file; path = data.sqlite; sourceTree = "<group>"; };
		D0CE389B205B91A8005D39EF /* 商家3.png */ = {isa = PBXFileReference; lastKnownFileType = image.png; path = "商家3.png"; sourceTree = "<group>"; };
		D0CE389C205B91A8005D39EF /* 商家1.png */ = {isa = PBXFileReference; lastKnownFileType = image.png; path = "商家1.png"; sourceTree = "<group>"; };
		D0CE389D205B91A8005D39EF /* 商家2.png */ = {isa = PBXFileReference; lastKnownFileType = image.png; path = "商家2.png"; sourceTree = "<group>"; };
		D0CE389E205B91A8005D39EF /* 商家4.png */ = {isa = PBXFileReference; lastKnownFileType = image.png; path = "商家4.png"; sourceTree = "<group>"; };
		D0CE389F205B91A8005D39EF /* 商家5.png */ = {isa = PBXFileReference; lastKnownFileType = image.png; path = "商家5.png"; sourceTree = "<group>"; };
		D0CE38A0205B91A8005D39EF /* 商家6.png */ = {isa = PBXFileReference; lastKnownFileType = image.png; path = "商家6.png"; sourceTree = "<group>"; };
/* End PBXFileReference section */

/* Begin PBXFrameworksBuildPhase section */
		D0645FE3204E755500B5851D /* Frameworks */ = {
			isa = PBXFrameworksBuildPhase;
			buildActionMask = 2147483647;
			files = (
				D0CE3896205A7A7D005D39EF /* libsqlite3.tbd in Frameworks */,
			);
			runOnlyForDeploymentPostprocessing = 0;
		};
		D0645FFB204E755500B5851D /* Frameworks */ = {
			isa = PBXFrameworksBuildPhase;
			buildActionMask = 2147483647;
			files = (
			);
			runOnlyForDeploymentPostprocessing = 0;
		};
		D0646006204E755500B5851D /* Frameworks */ = {
			isa = PBXFrameworksBuildPhase;
			buildActionMask = 2147483647;
			files = (
			);
			runOnlyForDeploymentPostprocessing = 0;
		};
/* End PBXFrameworksBuildPhase section */

/* Begin PBXGroup section */
		D05A029B20623824007EC2BB /* location */ = {
			isa = PBXGroup;
			children = (
				D05A02982062361C007EC2BB /* locationPageViewController.h */,
				D05A02992062361C007EC2BB /* locationPageViewController.m */,
				D05A029C2062384F007EC2BB /* ContentViewController.h */,
				D05A029D2062384F007EC2BB /* ContentViewController.m */,
			);
			name = location;
			sourceTree = "<group>";
		};
		D0645FDD204E755500B5851D = {
			isa = PBXGroup;
			children = (
				D0645FE8204E755500B5851D /* MeiTuan */,
				D0646001204E755500B5851D /* MeiTuanTests */,
				D064600C204E755500B5851D /* MeiTuanUITests */,
				D0645FE7204E755500B5851D /* Products */,
				D0CE3894205A7A7D005D39EF /* Frameworks */,
			);
			sourceTree = "<group>";
		};
		D0645FE7204E755500B5851D /* Products */ = {
			isa = PBXGroup;
			children = (
				D0645FE6204E755500B5851D /* MeiTuan.app */,
				D0645FFE204E755500B5851D /* MeiTuanTests.xctest */,
				D0646009204E755500B5851D /* MeiTuanUITests.xctest */,
			);
			name = Products;
			sourceTree = "<group>";
		};
		D0645FE8204E755500B5851D /* MeiTuan */ = {
			isa = PBXGroup;
			children = (
				D0CE38782058F594005D39EF /* Sqlite */,
				D06460512052526700B5851D /* tools */,
				D06460432052478900B5851D /* contollers */,
				D0646033204FE9CD00B5851D /* views */,
				D0646034204FE9DF00B5851D /* others */,
				D06460872053BA3500B5851D /* resource */,
				D0646023204E85D100B5851D /* Media.xcassets */,
			);
			path = MeiTuan;
			sourceTree = "<group>";
		};
		D0646001204E755500B5851D /* MeiTuanTests */ = {
			isa = PBXGroup;
			children = (
				D0646002204E755500B5851D /* MeiTuanTests.m */,
				D0646004204E755500B5851D /* Info.plist */,
			);
			path = MeiTuanTests;
			sourceTree = "<group>";
		};
		D064600C204E755500B5851D /* MeiTuanUITests */ = {
			isa = PBXGroup;
			children = (
				D064600D204E755500B5851D /* MeiTuanUITests.m */,
				D064600F204E755500B5851D /* Info.plist */,
			);
			path = MeiTuanUITests;
			sourceTree = "<group>";
		};
		D0646033204FE9CD00B5851D /* views */ = {
			isa = PBXGroup;
			children = (
				D0645FEF204E755500B5851D /* Main.storyboard */,
				D0645FF4204E755500B5851D /* LaunchScreen.storyboard */,
				D064603F204FF79000B5851D /* profileView.h */,
				D0646040204FF79000B5851D /* profileView.m */,
				D064603A204FF0DA00B5851D /* profileView.xib */,
				D064605E2052721300B5851D /* mineAllMenu.h */,
				D064605F2052721300B5851D /* mineAllMenu.m */,
				D06460612052723300B5851D /* mineAllMenu.xib */,
				D0784498205505C700129537 /* homePageMenu.h */,
				D0784499205505C700129537 /* homePageMenu.m */,
				D078449B205505D900129537 /* homePageMenu.xib */,
				D078451420563F9400129537 /* adView.h */,
				D078451520563F9400129537 /* adView.m */,
				D078451720563FAC00129537 /* adView.xib */,
				D0CE388E205A4724005D39EF /* display_detail.h */,
				D0CE388F205A4724005D39EF /* display_detail.m */,
				D0CE387D2058F99E005D39EF /* display_detail.xib */,
			);
			name = views;
			sourceTree = "<group>";
		};
		D0646034204FE9DF00B5851D /* others */ = {
			isa = PBXGroup;
			children = (
				D0645FE9204E755500B5851D /* AppDelegate.h */,
				D0645FEA204E755500B5851D /* AppDelegate.m */,
				D0645FF7204E755500B5851D /* Info.plist */,
				D0645FF8204E755500B5851D /* main.m */,
			);
			name = others;
			sourceTree = "<group>";
		};
		D06460432052478900B5851D /* contollers */ = {
			isa = PBXGroup;
			children = (
				D06460862053BA0500B5851D /* first */,
				D064604D205248C800B5851D /* mine */,
				D06460472052489200B5851D /* MainTabBarController.h */,
				D06460462052489200B5851D /* MainTabBarController.m */,
			);
			name = contollers;
			sourceTree = "<group>";
		};
		D064604D205248C800B5851D /* mine */ = {
			isa = PBXGroup;
			children = (
				D06460492052489200B5851D /* mineViewController.h */,
				D06460482052489200B5851D /* mineViewController.m */,
				D064604E205248FC00B5851D /* profileSettingViewController.h */,
				D064604F205248FC00B5851D /* profileSettingViewController.m */,
				D06460632052875300B5851D /* Conllection.h */,
				D06460642052875300B5851D /* Conllection.m */,
			);
			name = mine;
			sourceTree = "<group>";
		};
		D06460512052526700B5851D /* tools */ = {
			isa = PBXGroup;
			children = (
				D0CE38712058EC50005D39EF /* SqliteTool */,
				D078450B205521A400129537 /* BGRefresh */,
				D06460752053B75C00B5851D /* banner */,
			);
			name = tools;
			sourceTree = "<group>";
		};
		D06460752053B75C00B5851D /* banner */ = {
			isa = PBXGroup;
			children = (
				D06460822053B8D200B5851D /* SQBannarView.h */,
				D06460802053B8D100B5851D /* SQBannarView.m */,
				D06460812053B8D200B5851D /* SQBannerCollectionViewCell.h */,
				D064607E2053B8D100B5851D /* SQBannerCollectionViewCell.m */,
				D064607F2053B8D100B5851D /* SQBannerCollectionViewCell.xib */,
			);
			name = banner;
			sourceTree = "<group>";
		};
		D06460862053BA0500B5851D /* first */ = {
			isa = PBXGroup;
			children = (
				D05A029B20623824007EC2BB /* location */,
				D06460442052489100B5851D /* firstViewController.h */,
				D06460452052489100B5851D /* firstViewController.m */,
				D019C2052056825300C5C051 /* locationViewController.h */,
				D019C2062056825300C5C051 /* locationViewController.m */,
			);
			name = first;
			sourceTree = "<group>";
		};
		D06460872053BA3500B5851D /* resource */ = {
			isa = PBXGroup;
			children = (
				D0CE38802058FAA3005D39EF /* icon1.png */,
				D0CE38842058FAA3005D39EF /* icon2.png */,
				D0CE38822058FAA3005D39EF /* icon3.png */,
				D0CE38832058FAA3005D39EF /* icon4.png */,
				D0CE38812058FAA3005D39EF /* icon5.png */,
				D0CE38852058FAA4005D39EF /* icon6.png */,
				D078451920564FD200129537 /* ad1.png */,
				D078451A20564FD300129537 /* ad2.png */,
				D078451C20564FD300129537 /* ad3.png */,
				D078451B20564FD300129537 /* ad4.png */,
				D078449D2055209200129537 /* loading_1@2x.png */,
				D07844A02055209300129537 /* loading_2@2x.png */,
				D078449F2055209300129537 /* loading_3@2x.png */,
				D078449E2055209300129537 /* loading_4@2x.png */,
				D06460942053C36100B5851D /* banner_1.png */,
				D0CE389C205B91A8005D39EF /* 商家1.png */,
				D0CE389D205B91A8005D39EF /* 商家2.png */,
				D0CE389B205B91A8005D39EF /* 商家3.png */,
				D0CE389E205B91A8005D39EF /* 商家4.png */,
				D0CE389F205B91A8005D39EF /* 商家5.png */,
				D0CE38A0205B91A8005D39EF /* 商家6.png */,
				D06460932053C36100B5851D /* banner_2.png */,
				D06460952053C36100B5851D /* banner_3.png */,
				D06460922053C36100B5851D /* banner_4.png */,
				D06460962053C36100B5851D /* banner_5.png */,
			);
			name = resource;
			sourceTree = "<group>";
		};
		D078450B205521A400129537 /* BGRefresh */ = {
			isa = PBXGroup;
			children = (
				D078450F205521A400129537 /* BGHeaderView.h */,
				D078450C205521A400129537 /* BGHeaderView.m */,
				D078450E205521A400129537 /* BGHeaderView.xib */,
				D0784510205521A400129537 /* BGRefresh.h */,
				D078450D205521A400129537 /* BGRefresh.m */,
			);
			path = BGRefresh;
			sourceTree = "<group>";
		};
		D0CE38712058EC50005D39EF /* SqliteTool */ = {
			isa = PBXGroup;
			children = (
				D0CE38742058EC50005D39EF /* SqliteTool.h */,
				D0CE38722058EC50005D39EF /* SqliteTool.m */,
				D0CE3891205A6EE5005D39EF /* displayModel.h */,
				D0CE3892205A6EE5005D39EF /* displayModel.m */,
			);
			path = SqliteTool;
			sourceTree = "<group>";
		};
		D0CE38782058F594005D39EF /* Sqlite */ = {
			isa = PBXGroup;
			children = (
				D0CE3899205B90F6005D39EF /* data.sqlite */,
			);
			name = Sqlite;
			sourceTree = "<group>";
		};
		D0CE3894205A7A7D005D39EF /* Frameworks */ = {
			isa = PBXGroup;
			children = (
				D0CE3895205A7A7D005D39EF /* libsqlite3.tbd */,
			);
			name = Frameworks;
			sourceTree = "<group>";
		};
/* End PBXGroup section */

/* Begin PBXNativeTarget section */
		D0645FE5204E755500B5851D /* MeiTuan */ = {
			isa = PBXNativeTarget;
			buildConfigurationList = D0646012204E755500B5851D /* Build configuration list for PBXNativeTarget "MeiTuan" */;
			buildPhases = (
				D0645FE2204E755500B5851D /* Sources */,
				D0645FE3204E755500B5851D /* Frameworks */,
				D0645FE4204E755500B5851D /* Resources */,
			);
			buildRules = (
			);
			dependencies = (
			);
			name = MeiTuan;
			productName = MeiTuan;
			productReference = D0645FE6204E755500B5851D /* MeiTuan.app */;
			productType = "com.apple.product-type.application";
		};
		D0645FFD204E755500B5851D /* MeiTuanTests */ = {
			isa = PBXNativeTarget;
			buildConfigurationList = D0646015204E755500B5851D /* Build configuration list for PBXNativeTarget "MeiTuanTests" */;
			buildPhases = (
				D0645FFA204E755500B5851D /* Sources */,
				D0645FFB204E755500B5851D /* Frameworks */,
				D0645FFC204E755500B5851D /* Resources */,
			);
			buildRules = (
			);
			dependencies = (
				D0646000204E755500B5851D /* PBXTargetDependency */,
			);
			name = MeiTuanTests;
			productName = MeiTuanTests;
			productReference = D0645FFE204E755500B5851D /* MeiTuanTests.xctest */;
			productType = "com.apple.product-type.bundle.unit-test";
		};
		D0646008204E755500B5851D /* MeiTuanUITests */ = {
			isa = PBXNativeTarget;
			buildConfigurationList = D0646018204E755500B5851D /* Build configuration list for PBXNativeTarget "MeiTuanUITests" */;
			buildPhases = (
				D0646005204E755500B5851D /* Sources */,
				D0646006204E755500B5851D /* Frameworks */,
				D0646007204E755500B5851D /* Resources */,
			);
			buildRules = (
			);
			dependencies = (
				D064600B204E755500B5851D /* PBXTargetDependency */,
			);
			name = MeiTuanUITests;
			productName = MeiTuanUITests;
			productReference = D0646009204E755500B5851D /* MeiTuanUITests.xctest */;
			productType = "com.apple.product-type.bundle.ui-testing";
		};
/* End PBXNativeTarget section */

/* Begin PBXProject section */
		D0645FDE204E755500B5851D /* Project object */ = {
			isa = PBXProject;
			attributes = {
				LastUpgradeCheck = 0920;
				ORGANIZATIONNAME = WangXinjia;
				TargetAttributes = {
					D0645FE5204E755500B5851D = {
						CreatedOnToolsVersion = 9.2;
						ProvisioningStyle = Automatic;
					};
					D0645FFD204E755500B5851D = {
						CreatedOnToolsVersion = 9.2;
						ProvisioningStyle = Automatic;
						TestTargetID = D0645FE5204E755500B5851D;
					};
					D0646008204E755500B5851D = {
						CreatedOnToolsVersion = 9.2;
						ProvisioningStyle = Automatic;
						TestTargetID = D0645FE5204E755500B5851D;
					};
				};
			};
			buildConfigurationList = D0645FE1204E755500B5851D /* Build configuration list for PBXProject "MeiTuan" */;
			compatibilityVersion = "Xcode 8.0";
			developmentRegion = en;
			hasScannedForEncodings = 0;
			knownRegions = (
				en,
				Base,
			);
			mainGroup = D0645FDD204E755500B5851D;
			productRefGroup = D0645FE7204E755500B5851D /* Products */;
			projectDirPath = "";
			projectRoot = "";
			targets = (
				D0645FE5204E755500B5851D /* MeiTuan */,
				D0645FFD204E755500B5851D /* MeiTuanTests */,
				D0646008204E755500B5851D /* MeiTuanUITests */,
			);
		};
/* End PBXProject section */

/* Begin PBXResourcesBuildPhase section */
		D0645FE4204E755500B5851D /* Resources */ = {
			isa = PBXResourcesBuildPhase;
			buildActionMask = 2147483647;
			files = (
				D0CE38A6205B91A9005D39EF /* 商家6.png in Resources */,
				D07844A12055209400129537 /* loading_1@2x.png in Resources */,
				D0CE387F2058F99E005D39EF /* display_detail.xib in Resources */,
				D078449C205505D900129537 /* homePageMenu.xib in Resources */,
				D0CE38A3205B91A9005D39EF /* 商家2.png in Resources */,
				D06460622052723300B5851D /* mineAllMenu.xib in Resources */,
				D0CE38A5205B91A9005D39EF /* 商家5.png in Resources */,
				D0CE38A1205B91A9005D39EF /* 商家3.png in Resources */,
				D07844A42055209400129537 /* loading_2@2x.png in Resources */,
				D064603B204FF0DA00B5851D /* profileView.xib in Resources */,
				D0CE38A2205B91A9005D39EF /* 商家1.png in Resources */,
				D0CE38872058FAA4005D39EF /* icon5.png in Resources */,
				D06460972053C36100B5851D /* banner_4.png in Resources */,
				D0CE388A2058FAA4005D39EF /* icon2.png in Resources */,
				D078451F20564FD300129537 /* ad4.png in Resources */,
				D07844A22055209400129537 /* loading_4@2x.png in Resources */,
				D064609B2053C36100B5851D /* banner_5.png in Resources */,
				D06460842053B8D200B5851D /* SQBannerCollectionViewCell.xib in Resources */,
				D0CE38A4205B91A9005D39EF /* 商家4.png in Resources */,
				D0645FF6204E755500B5851D /* LaunchScreen.storyboard in Resources */,
				D0CE38892058FAA4005D39EF /* icon4.png in Resources */,
				D0646024204E85D100B5851D /* Media.xcassets in Resources */,
				D0CE38862058FAA4005D39EF /* icon1.png in Resources */,
				D0784513205521A400129537 /* BGHeaderView.xib in Resources */,
				D06460982053C36100B5851D /* banner_2.png in Resources */,
				D0CE389A205B90F7005D39EF /* data.sqlite in Resources */,
				D0CE38882058FAA4005D39EF /* icon3.png in Resources */,
				D078451E20564FD300129537 /* ad2.png in Resources */,
				D078451820563FAC00129537 /* adView.xib in Resources */,
				D064609A2053C36100B5851D /* banner_3.png in Resources */,
				D0CE388B2058FAA4005D39EF /* icon6.png in Resources */,
				D06460992053C36100B5851D /* banner_1.png in Resources */,
				D078452020564FD300129537 /* ad3.png in Resources */,
				D0645FF1204E755500B5851D /* Main.storyboard in Resources */,
				D07844A32055209400129537 /* loading_3@2x.png in Resources */,
				D078451D20564FD300129537 /* ad1.png in Resources */,
			);
			runOnlyForDeploymentPostprocessing = 0;
		};
		D0645FFC204E755500B5851D /* Resources */ = {
			isa = PBXResourcesBuildPhase;
			buildActionMask = 2147483647;
			files = (
			);
			runOnlyForDeploymentPostprocessing = 0;
		};
		D0646007204E755500B5851D /* Resources */ = {
			isa = PBXResourcesBuildPhase;
			buildActionMask = 2147483647;
			files = (
			);
			runOnlyForDeploymentPostprocessing = 0;
		};
/* End PBXResourcesBuildPhase section */

/* Begin PBXSourcesBuildPhase section */
		D0645FE2204E755500B5851D /* Sources */ = {
			isa = PBXSourcesBuildPhase;
			buildActionMask = 2147483647;
			files = (
				D0645FF9204E755500B5851D /* main.m in Sources */,
				D064604B2052489200B5851D /* MainTabBarController.m in Sources */,
				D0646041204FF79000B5851D /* profileView.m in Sources */,
				D0646050205248FC00B5851D /* profileSettingViewController.m in Sources */,
				D0CE3893205A6EE5005D39EF /* displayModel.m in Sources */,
				D064604C2052489200B5851D /* mineViewController.m in Sources */,
				D0645FEB204E755500B5851D /* AppDelegate.m in Sources */,
				D06460652052875300B5851D /* Conllection.m in Sources */,
				D05A029E2062384F007EC2BB /* ContentViewController.m in Sources */,
				D064604A2052489200B5851D /* firstViewController.m in Sources */,
				D0CE3890205A4724005D39EF /* display_detail.m in Sources */,
				D0CE38762058EC50005D39EF /* SqliteTool.m in Sources */,
				D078449A205505C700129537 /* homePageMenu.m in Sources */,
				D05A029A2062361C007EC2BB /* locationPageViewController.m in Sources */,
				D06460832053B8D200B5851D /* SQBannerCollectionViewCell.m in Sources */,
				D0784512205521A400129537 /* BGRefresh.m in Sources */,
				D019C2072056825300C5C051 /* locationViewController.m in Sources */,
				D06460852053B8D200B5851D /* SQBannarView.m in Sources */,
				D06460602052721300B5851D /* mineAllMenu.m in Sources */,
				D078451620563F9400129537 /* adView.m in Sources */,
				D0784511205521A400129537 /* BGHeaderView.m in Sources */,
			);
			runOnlyForDeploymentPostprocessing = 0;
		};
		D0645FFA204E755500B5851D /* Sources */ = {
			isa = PBXSourcesBuildPhase;
			buildActionMask = 2147483647;
			files = (
				D0646003204E755500B5851D /* MeiTuanTests.m in Sources */,
			);
			runOnlyForDeploymentPostprocessing = 0;
		};
		D0646005204E755500B5851D /* Sources */ = {
			isa = PBXSourcesBuildPhase;
			buildActionMask = 2147483647;
			files = (
				D064600E204E755500B5851D /* MeiTuanUITests.m in Sources */,
			);
			runOnlyForDeploymentPostprocessing = 0;
		};
/* End PBXSourcesBuildPhase section */

/* Begin PBXTargetDependency section */
		D0646000204E755500B5851D /* PBXTargetDependency */ = {
			isa = PBXTargetDependency;
			target = D0645FE5204E755500B5851D /* MeiTuan */;
			targetProxy = D0645FFF204E755500B5851D /* PBXContainerItemProxy */;
		};
		D064600B204E755500B5851D /* PBXTargetDependency */ = {
			isa = PBXTargetDependency;
			target = D0645FE5204E755500B5851D /* MeiTuan */;
			targetProxy = D064600A204E755500B5851D /* PBXContainerItemProxy */;
		};
/* End PBXTargetDependency section */

/* Begin PBXVariantGroup section */
		D0645FEF204E755500B5851D /* Main.storyboard */ = {
			isa = PBXVariantGroup;
			children = (
				D0645FF0204E755500B5851D /* Base */,
			);
			name = Main.storyboard;
			sourceTree = "<group>";
		};
		D0645FF4204E755500B5851D /* LaunchScreen.storyboard */ = {
			isa = PBXVariantGroup;
			children = (
				D0645FF5204E755500B5851D /* Base */,
			);
			name = LaunchScreen.storyboard;
			sourceTree = "<group>";
		};
/* End PBXVariantGroup section */

/* Begin XCBuildConfiguration section */
		D0646010204E755500B5851D /* Debug */ = {
			isa = XCBuildConfiguration;
			buildSettings = {
				ALWAYS_SEARCH_USER_PATHS = NO;
				CLANG_ANALYZER_NONNULL = YES;
				CLANG_ANALYZER_NUMBER_OBJECT_CONVERSION = YES_AGGRESSIVE;
				CLANG_CXX_LANGUAGE_STANDARD = "gnu++14";
				CLANG_CXX_LIBRARY = "libc++";
				CLANG_ENABLE_MODULES = YES;
				CLANG_ENABLE_OBJC_ARC = YES;
				CLANG_WARN_BLOCK_CAPTURE_AUTORELEASING = YES;
				CLANG_WARN_BOOL_CONVERSION = YES;
				CLANG_WARN_COMMA = YES;
				CLANG_WARN_CONSTANT_CONVERSION = YES;
				CLANG_WARN_DIRECT_OBJC_ISA_USAGE = YES_ERROR;
				CLANG_WARN_DOCUMENTATION_COMMENTS = YES;
				CLANG_WARN_EMPTY_BODY = YES;
				CLANG_WARN_ENUM_CONVERSION = YES;
				CLANG_WARN_INFINITE_RECURSION = YES;
				CLANG_WARN_INT_CONVERSION = YES;
				CLANG_WARN_NON_LITERAL_NULL_CONVERSION = YES;
				CLANG_WARN_OBJC_LITERAL_CONVERSION = YES;
				CLANG_WARN_OBJC_ROOT_CLASS = YES_ERROR;
				CLANG_WARN_RANGE_LOOP_ANALYSIS = YES;
				CLANG_WARN_STRICT_PROTOTYPES = YES;
				CLANG_WARN_SUSPICIOUS_MOVE = YES;
				CLANG_WARN_UNGUARDED_AVAILABILITY = YES_AGGRESSIVE;
				CLANG_WARN_UNREACHABLE_CODE = YES;
				CLANG_WARN__DUPLICATE_METHOD_MATCH = YES;
				CODE_SIGN_IDENTITY = "iPhone Developer";
				COPY_PHASE_STRIP = NO;
				DEBUG_INFORMATION_FORMAT = dwarf;
				ENABLE_STRICT_OBJC_MSGSEND = YES;
				ENABLE_TESTABILITY = YES;
				GCC_C_LANGUAGE_STANDARD = gnu11;
				GCC_DYNAMIC_NO_PIC = NO;
				GCC_NO_COMMON_BLOCKS = YES;
				GCC_OPTIMIZATION_LEVEL = 0;
				GCC_PREPROCESSOR_DEFINITIONS = (
					"DEBUG=1",
					"$(inherited)",
				);
				GCC_WARN_64_TO_32_BIT_CONVERSION = YES;
				GCC_WARN_ABOUT_RETURN_TYPE = YES_ERROR;
				GCC_WARN_UNDECLARED_SELECTOR = YES;
				GCC_WARN_UNINITIALIZED_AUTOS = YES_AGGRESSIVE;
				GCC_WARN_UNUSED_FUNCTION = YES;
				GCC_WARN_UNUSED_VARIABLE = YES;
				IPHONEOS_DEPLOYMENT_TARGET = 11.2;
				MTL_ENABLE_DEBUG_INFO = YES;
				ONLY_ACTIVE_ARCH = YES;
				SDKROOT = iphoneos;
			};
			name = Debug;
		};
		D0646011204E755500B5851D /* Release */ = {
			isa = XCBuildConfiguration;
			buildSettings = {
				ALWAYS_SEARCH_USER_PATHS = NO;
				CLANG_ANALYZER_NONNULL = YES;
				CLANG_ANALYZER_NUMBER_OBJECT_CONVERSION = YES_AGGRESSIVE;
				CLANG_CXX_LANGUAGE_STANDARD = "gnu++14";
				CLANG_CXX_LIBRARY = "libc++";
				CLANG_ENABLE_MODULES = YES;
				CLANG_ENABLE_OBJC_ARC = YES;
				CLANG_WARN_BLOCK_CAPTURE_AUTORELEASING = YES;
				CLANG_WARN_BOOL_CONVERSION = YES;
				CLANG_WARN_COMMA = YES;
				CLANG_WARN_CONSTANT_CONVERSION = YES;
				CLANG_WARN_DIRECT_OBJC_ISA_USAGE = YES_ERROR;
				CLANG_WARN_DOCUMENTATION_COMMENTS = YES;
				CLANG_WARN_EMPTY_BODY = YES;
				CLANG_WARN_ENUM_CONVERSION = YES;
				CLANG_WARN_INFINITE_RECURSION = YES;
				CLANG_WARN_INT_CONVERSION = YES;
				CLANG_WARN_NON_LITERAL_NULL_CONVERSION = YES;
				CLANG_WARN_OBJC_LITERAL_CONVERSION = YES;
				CLANG_WARN_OBJC_ROOT_CLASS = YES_ERROR;
				CLANG_WARN_RANGE_LOOP_ANALYSIS = YES;
				CLANG_WARN_STRICT_PROTOTYPES = YES;
				CLANG_WARN_SUSPICIOUS_MOVE = YES;
				CLANG_WARN_UNGUARDED_AVAILABILITY = YES_AGGRESSIVE;
				CLANG_WARN_UNREACHABLE_CODE = YES;
				CLANG_WARN__DUPLICATE_METHOD_MATCH = YES;
				CODE_SIGN_IDENTITY = "iPhone Developer";
				COPY_PHASE_STRIP = NO;
				DEBUG_INFORMATION_FORMAT = "dwarf-with-dsym";
				ENABLE_NS_ASSERTIONS = NO;
				ENABLE_STRICT_OBJC_MSGSEND = YES;
				GCC_C_LANGUAGE_STANDARD = gnu11;
				GCC_NO_COMMON_BLOCKS = YES;
				GCC_WARN_64_TO_32_BIT_CONVERSION = YES;
				GCC_WARN_ABOUT_RETURN_TYPE = YES_ERROR;
				GCC_WARN_UNDECLARED_SELECTOR = YES;
				GCC_WARN_UNINITIALIZED_AUTOS = YES_AGGRESSIVE;
				GCC_WARN_UNUSED_FUNCTION = YES;
				GCC_WARN_UNUSED_VARIABLE = YES;
				IPHONEOS_DEPLOYMENT_TARGET = 11.2;
				MTL_ENABLE_DEBUG_INFO = NO;
				SDKROOT = iphoneos;
				VALIDATE_PRODUCT = YES;
			};
			name = Release;
		};
		D0646013204E755500B5851D /* Debug */ = {
			isa = XCBuildConfiguration;
			buildSettings = {
				ASSETCATALOG_COMPILER_APPICON_NAME = AppIcon;
				CODE_SIGN_STYLE = Automatic;
				DEVELOPMENT_TEAM = 7SN845YAF5;
				INFOPLIST_FILE = MeiTuan/Info.plist;
				IPHONEOS_DEPLOYMENT_TARGET = 10.0;
				LD_RUNPATH_SEARCH_PATHS = "$(inherited) @executable_path/Frameworks";
				PRODUCT_BUNDLE_IDENTIFIER = com.Wxj.MeiTuan;
				PRODUCT_NAME = "$(TARGET_NAME)";
				TARGETED_DEVICE_FAMILY = "1,2";
			};
			name = Debug;
		};
		D0646014204E755500B5851D /* Release */ = {
			isa = XCBuildConfiguration;
			buildSettings = {
				ASSETCATALOG_COMPILER_APPICON_NAME = AppIcon;
				CODE_SIGN_STYLE = Automatic;
				DEVELOPMENT_TEAM = 7SN845YAF5;
				INFOPLIST_FILE = MeiTuan/Info.plist;
				IPHONEOS_DEPLOYMENT_TARGET = 10.0;
				LD_RUNPATH_SEARCH_PATHS = "$(inherited) @executable_path/Frameworks";
				PRODUCT_BUNDLE_IDENTIFIER = com.Wxj.MeiTuan;
				PRODUCT_NAME = "$(TARGET_NAME)";
				TARGETED_DEVICE_FAMILY = "1,2";
			};
			name = Release;
		};
		D0646016204E755500B5851D /* Debug */ = {
			isa = XCBuildConfiguration;
			buildSettings = {
				BUNDLE_LOADER = "$(TEST_HOST)";
				CODE_SIGN_STYLE = Automatic;
				DEVELOPMENT_TEAM = 7SN845YAF5;
				INFOPLIST_FILE = MeiTuanTests/Info.plist;
				LD_RUNPATH_SEARCH_PATHS = "$(inherited) @executable_path/Frameworks @loader_path/Frameworks";
				PRODUCT_BUNDLE_IDENTIFIER = com.Wxj.MeiTuanTests;
				PRODUCT_NAME = "$(TARGET_NAME)";
				TARGETED_DEVICE_FAMILY = "1,2";
				TEST_HOST = "$(BUILT_PRODUCTS_DIR)/MeiTuan.app/MeiTuan";
			};
			name = Debug;
		};
		D0646017204E755500B5851D /* Release */ = {
			isa = XCBuildConfiguration;
			buildSettings = {
				BUNDLE_LOADER = "$(TEST_HOST)";
				CODE_SIGN_STYLE = Automatic;
				DEVELOPMENT_TEAM = 7SN845YAF5;
				INFOPLIST_FILE = MeiTuanTests/Info.plist;
				LD_RUNPATH_SEARCH_PATHS = "$(inherited) @executable_path/Frameworks @loader_path/Frameworks";
				PRODUCT_BUNDLE_IDENTIFIER = com.Wxj.MeiTuanTests;
				PRODUCT_NAME = "$(TARGET_NAME)";
				TARGETED_DEVICE_FAMILY = "1,2";
				TEST_HOST = "$(BUILT_PRODUCTS_DIR)/MeiTuan.app/MeiTuan";
			};
			name = Release;
		};
		D0646019204E755500B5851D /* Debug */ = {
			isa = XCBuildConfiguration;
			buildSettings = {
				CODE_SIGN_STYLE = Automatic;
				DEVELOPMENT_TEAM = 7SN845YAF5;
				INFOPLIST_FILE = MeiTuanUITests/Info.plist;
				LD_RUNPATH_SEARCH_PATHS = "$(inherited) @executable_path/Frameworks @loader_path/Frameworks";
				PRODUCT_BUNDLE_IDENTIFIER = com.Wxj.MeiTuanUITests;
				PRODUCT_NAME = "$(TARGET_NAME)";
				TARGETED_DEVICE_FAMILY = "1,2";
				TEST_TARGET_NAME = MeiTuan;
			};
			name = Debug;
		};
		D064601A204E755500B5851D /* Release */ = {
			isa = XCBuildConfiguration;
			buildSettings = {
				CODE_SIGN_STYLE = Automatic;
				DEVELOPMENT_TEAM = 7SN845YAF5;
				INFOPLIST_FILE = MeiTuanUITests/Info.plist;
				LD_RUNPATH_SEARCH_PATHS = "$(inherited) @executable_path/Frameworks @loader_path/Frameworks";
				PRODUCT_BUNDLE_IDENTIFIER = com.Wxj.MeiTuanUITests;
				PRODUCT_NAME = "$(TARGET_NAME)";
				TARGETED_DEVICE_FAMILY = "1,2";
				TEST_TARGET_NAME = MeiTuan;
			};
			name = Release;
		};
/* End XCBuildConfiguration section */

/* Begin XCConfigurationList section */
		D0645FE1204E755500B5851D /* Build configuration list for PBXProject "MeiTuan" */ = {
			isa = XCConfigurationList;
			buildConfigurations = (
				D0646010204E755500B5851D /* Debug */,
				D0646011204E755500B5851D /* Release */,
			);
			defaultConfigurationIsVisible = 0;
			defaultConfigurationName = Release;
		};
		D0646012204E755500B5851D /* Build configuration list for PBXNativeTarget "MeiTuan" */ = {
			isa = XCConfigurationList;
			buildConfigurations = (
				D0646013204E755500B5851D /* Debug */,
				D0646014204E755500B5851D /* Release */,
			);
			defaultConfigurationIsVisible = 0;
			defaultConfigurationName = Release;
		};
		D0646015204E755500B5851D /* Build configuration list for PBXNativeTarget "MeiTuanTests" */ = {
			isa = XCConfigurationList;
			buildConfigurations = (
				D0646016204E755500B5851D /* Debug */,
				D0646017204E755500B5851D /* Release */,
			);
			defaultConfigurationIsVisible = 0;
			defaultConfigurationName = Release;
		};
		D0646018204E755500B5851D /* Build configuration list for PBXNativeTarget "MeiTuanUITests" */ = {
			isa = XCConfigurationList;
			buildConfigurations = (
				D0646019204E755500B5851D /* Debug */,
				D064601A204E755500B5851D /* Release */,
			);
			defaultConfigurationIsVisible = 0;
			defaultConfigurationName = Release;
		};
/* End XCConfigurationList section */
	};
	rootObject = D0645FDE204E755500B5851D /* Project object */;
}
